
Microsoft Visual Studio Solution File, Format Version 12.00
# Visual Studio Version 17
VisualStudioVersion = 17.8.34309.116
MinimumVisualStudioVersion = 10.0.40219.1
Project("{FAE04EC0-301F-11D3-BF4B-00C04F79EFBC}") = "MovieSense-API", "MovieSense-API.csproj", "{7865D599-595B-44E0-B489-003FAF9F0392}"
EndProject
Global
	GlobalSection(SolutionConfigurationPlatforms) = preSolution
		Debug|Any CPU = Debug|Any CPU
		Release|Any CPU = Release|Any CPU
	EndGlobalSection
	GlobalSection(ProjectConfigurationPlatforms) = postSolution
		{7865D599-595B-44E0-B489-003FAF9F0392}.Debug|Any CPU.ActiveCfg = Debug|Any CPU
		{7865D599-595B-44E0-B489-003FAF9F0392}.Debug|Any CPU.Build.0 = Debug|Any CPU
		{7865D599-595B-44E0-B489-003FAF9F0392}.Release|Any CPU.ActiveCfg = Release|Any CPU
		{7865D599-595B-44E0-B489-003FAF9F0392}.Release|Any CPU.Build.0 = Release|Any CPU
	EndGlobalSection
	GlobalSection(SolutionProperties) = preSolution
		HideSolutionNode = FALSE
	EndGlobalSection
	GlobalSection(ExtensibilityGlobals) = postSolution
		SolutionGuid = {E9BF50AB-86FE-4DE0-ADFC-49DC38B2C2AE}
	EndGlobalSection
EndGlobal
